
Microsoft Visual Studio Solution File, Format Version 12.00
# Visual Studio 15
VisualStudioVersion = 15.0.27004.2010
MinimumVisualStudioVersion = 10.0.40219.1
Project("{FAE04EC0-301F-11D3-BF4B-00C04F79EFBC}") = "ResumeFactory", "ResumeFactory\ResumeFactory.csproj", "{B29D4BFB-B287-4534-AC1C-433F1E966D68}"
EndProject
Global
	GlobalSection(SolutionConfigurationPlatforms) = preSolution
		Debug|Any CPU = Debug|Any CPU
		Release|Any CPU = Release|Any CPU
	EndGlobalSection
	GlobalSection(ProjectConfigurationPlatforms) = postSolution
		{B29D4BFB-B287-4534-AC1C-433F1E966D68}.Debug|Any CPU.ActiveCfg = Debug|Any CPU
		{B29D4BFB-B287-4534-AC1C-433F1E966D68}.Debug|Any CPU.Build.0 = Debug|Any CPU
		{B29D4BFB-B287-4534-AC1C-433F1E966D68}.Release|Any CPU.ActiveCfg = Release|Any CPU
		{B29D4BFB-B287-4534-AC1C-433F1E966D68}.Release|Any CPU.Build.0 = Release|Any CPU
	EndGlobalSection
	GlobalSection(SolutionProperties) = preSolution
		HideSolutionNode = FALSE
	EndGlobalSection
	GlobalSection(ExtensibilityGlobals) = postSolution
		SolutionGuid = {1F15D302-F8FA-40D7-A51B-A824B74F73CC}
	EndGlobalSection
EndGlobal
