
Microsoft Visual Studio Solution File, Format Version 12.00
# Visual Studio 15
VisualStudioVersion = 15.0.26730.16
MinimumVisualStudioVersion = 10.0.40219.1
Project("{FAE04EC0-301F-11D3-BF4B-00C04F79EFBC}") = "lab41_miya", "lab41_miya\lab41_miya.csproj", "{C378AE75-235E-4134-83F9-FCD84E938743}"
EndProject
Global
	GlobalSection(SolutionConfigurationPlatforms) = preSolution
		Debug|Any CPU = Debug|Any CPU
		Release|Any CPU = Release|Any CPU
	EndGlobalSection
	GlobalSection(ProjectConfigurationPlatforms) = postSolution
		{C378AE75-235E-4134-83F9-FCD84E938743}.Debug|Any CPU.ActiveCfg = Debug|Any CPU
		{C378AE75-235E-4134-83F9-FCD84E938743}.Debug|Any CPU.Build.0 = Debug|Any CPU
		{C378AE75-235E-4134-83F9-FCD84E938743}.Release|Any CPU.ActiveCfg = Release|Any CPU
		{C378AE75-235E-4134-83F9-FCD84E938743}.Release|Any CPU.Build.0 = Release|Any CPU
	EndGlobalSection
	GlobalSection(SolutionProperties) = preSolution
		HideSolutionNode = FALSE
	EndGlobalSection
	GlobalSection(ExtensibilityGlobals) = postSolution
		SolutionGuid = {EF64E6F3-549E-4544-B4F7-1D1EE29D51B4}
	EndGlobalSection
EndGlobal
